
Microsoft Visual Studio Solution File, Format Version 12.00
Project("{FAE04EC0-301F-11D3-BF4B-00C04F79EFBC}") = "xdt_api", "xdt_api.csproj", "{30D8C7D3-27C4-4E72-BB8F-C7EE00CDDC10}"
EndProject
Global
	GlobalSection(SolutionConfigurationPlatforms) = preSolution
		Debug|Any CPU = Debug|Any CPU
		Release|Any CPU = Release|Any CPU
	EndGlobalSection
	GlobalSection(ProjectConfigurationPlatforms) = postSolution
		{30D8C7D3-27C4-4E72-BB8F-C7EE00CDDC10}.Debug|Any CPU.ActiveCfg = Debug|Any CPU
		{30D8C7D3-27C4-4E72-BB8F-C7EE00CDDC10}.Debug|Any CPU.Build.0 = Debug|Any CPU
		{30D8C7D3-27C4-4E72-BB8F-C7EE00CDDC10}.Release|Any CPU.ActiveCfg = Release|Any CPU
		{30D8C7D3-27C4-4E72-BB8F-C7EE00CDDC10}.Release|Any CPU.Build.0 = Release|Any CPU
	EndGlobalSection
EndGlobal
