
Microsoft Visual Studio Solution File, Format Version 12.00
Project("{FAE04EC0-301F-11D3-BF4B-00C04F79EFBC}") = "xdt_mgr", "xdt_mgr.csproj", "{315A8C22-54AB-4860-9EBC-6BE788EEE7BD}"
EndProject
Global
	GlobalSection(SolutionConfigurationPlatforms) = preSolution
		Debug|Any CPU = Debug|Any CPU
		Release|Any CPU = Release|Any CPU
	EndGlobalSection
	GlobalSection(ProjectConfigurationPlatforms) = postSolution
		{315A8C22-54AB-4860-9EBC-6BE788EEE7BD}.Debug|Any CPU.ActiveCfg = Debug|Any CPU
		{315A8C22-54AB-4860-9EBC-6BE788EEE7BD}.Debug|Any CPU.Build.0 = Debug|Any CPU
		{315A8C22-54AB-4860-9EBC-6BE788EEE7BD}.Release|Any CPU.ActiveCfg = Release|Any CPU
		{315A8C22-54AB-4860-9EBC-6BE788EEE7BD}.Release|Any CPU.Build.0 = Release|Any CPU
	EndGlobalSection
EndGlobal
